{
  "version": 4,
  "terraform_version": "1.5.1",
  "serial": 97,
  "lineage": "5f85c268-686b-7cb7-d348-d878c7d7ed8c",
  "outputs": {
    "function_url": {
      "value": "https://jpbri2rkrajww4htzp6fs34ddm0zmogt.lambda-url.eu-central-1.on.aws/",
      "type": "string"
    }
  },
  "resources": [
    {
      "mode": "data",
      "type": "archive_file",
      "name": "deps_layer_code_zip",
      "provider": "provider[\"registry.terraform.io/hashicorp/archive\"]",
      "instances": [
        {
          "schema_version": 0,
          "attributes": {
            "exclude_symlink_directories": null,
            "excludes": null,
            "id": "77507f8fd68e19c9eb6189d8e04b0560c36db731",
            "output_base64sha256": "sPx6G21b1x4XuJCUGxiRgDKKUcfyMTN5r0fW2mlO9qs=",
            "output_base64sha512": "t5Iz1wbCJHb8QHW+BJTUeEsudzXc83Y0dVNiO4klCtsYiX68feIchwMC3+G/90mY3uDZ854QSliv0yYhW+rehQ==",
            "output_file_mode": null,
            "output_md5": "4c1269e5449b044825c6c383da719be5",
            "output_path": "./../dist/deps.zip",
            "output_sha": "77507f8fd68e19c9eb6189d8e04b0560c36db731",
            "output_sha256": "b0fc7a1b6d5bd71e17b890941b189180328a51c7f2313379af47d6da694ef6ab",
            "output_sha512": "b79233d706c22476fc4075be0494d4784b2e7735dcf376347553623b89250adb18897ebc7de21c870302dfe1bff74998dee0d9f39e104a58afd326215beade85",
            "output_size": 13775889,
            "source": [],
            "source_content": null,
            "source_content_filename": null,
            "source_dir": "./../dist/layers/deps-layer/",
            "source_file": null,
            "type": "zip"
          },
          "sensitive_attributes": []
        }
      ]
    },
    {
      "mode": "data",
      "type": "archive_file",
      "name": "src_zip",
      "provider": "provider[\"registry.terraform.io/hashicorp/archive\"]",
      "instances": [
        {
          "schema_version": 0,
          "attributes": {
            "exclude_symlink_directories": null,
            "excludes": null,
            "id": "639a8ab3f9a47eb270c3ecf1fd24d190f7c422f2",
            "output_base64sha256": "sdTL1jtAqA+Go9PdIPD1+HOypV0adiJnFH1O/cE08qI=",
            "output_base64sha512": "a3SSsu/koHRnEq6USGXN+2i1GRcJvW8CcseobOL6MlYS7tCDFfPraW3G4RQVQZiwBFaB38r3HyAFM4MbG5u4ew==",
            "output_file_mode": null,
            "output_md5": "54e44367a8b340ad1b932bc2f51f5153",
            "output_path": "./../dist/function.zip",
            "output_sha": "639a8ab3f9a47eb270c3ecf1fd24d190f7c422f2",
            "output_sha256": "b1d4cbd63b40a80f86a3d3dd20f0f5f873b2a55d1a762267147d4efdc134f2a2",
            "output_sha512": "6b7492b2efe4a0746712ae944865cdfb68b5191709bd6f0272c7a86ce2fa325612eed08315f3eb696dc6e114154198b0045681dfcaf71f200533831b1b9bb87b",
            "output_size": 76068,
            "source": [],
            "source_content": null,
            "source_content_filename": null,
            "source_dir": "./../dist/src",
            "source_file": null,
            "type": "zip"
          },
          "sensitive_attributes": []
        }
      ]
    },
    {
      "mode": "managed",
      "type": "aws_iam_policy",
      "name": "iam_policy",
      "provider": "provider[\"registry.terraform.io/hashicorp/aws\"]",
      "instances": [
        {
          "schema_version": 0,
          "attributes": {
            "arn": "arn:aws:iam::533267251263:policy/todo_iam_policy-nodejs-express",
            "attachment_count": 1,
            "description": "",
            "id": "arn:aws:iam::533267251263:policy/todo_iam_policy-nodejs-express",
            "name": "todo_iam_policy-nodejs-express",
            "name_prefix": "",
            "path": "/",
            "policy": "{\"Statement\":[{\"Action\":[\"logs:CreateLogGroup\",\"logs:CreateLogStream\",\"logs:PutLogEvents\"],\"Effect\":\"Allow\",\"Resource\":[\"arn:aws:logs:*:*:*\"]},{\"Action\":[\"ec2:CreateNetworkInterface\",\"ec2:DescribeNetworkInterfaces\",\"ec2:DeleteNetworkInterface\"],\"Effect\":\"Allow\",\"Resource\":[\"*\"]},{\"Action\":[\"secretsmanager:GetSecretValue\",\"secretsmanager:ListSecretVersionIds\"],\"Effect\":\"Allow\",\"Resource\":[\"arn:aws:secretsmanager:eu-central-1:533267251263:secret:settings-DxYm8W\"]}],\"Version\":\"2012-10-17\"}",
            "policy_id": "ANPAXYKJUQA7S2YDQRSR2",
            "tags": {
              "rg": "tf-todo-nodejs-express"
            },
            "tags_all": {
              "rg": "tf-todo-nodejs-express"
            }
          },
          "sensitive_attributes": [],
          "private": "bnVsbA==",
          "dependencies": [
            "aws_secretsmanager_secret.secret"
          ]
        }
      ]
    },
    {
      "mode": "managed",
      "type": "aws_iam_role",
      "name": "iam_role",
      "provider": "provider[\"registry.terraform.io/hashicorp/aws\"]",
      "instances": [
        {
          "schema_version": 0,
          "attributes": {
            "arn": "arn:aws:iam::533267251263:role/todo_lambda_iam_role-nodejs-express",
            "assume_role_policy": "{\"Statement\":[{\"Action\":\"sts:AssumeRole\",\"Effect\":\"Allow\",\"Principal\":{\"Service\":\"lambda.amazonaws.com\"}}],\"Version\":\"2012-10-17\"}",
            "create_date": "2024-05-01T07:28:07Z",
            "description": "",
            "force_detach_policies": false,
            "id": "todo_lambda_iam_role-nodejs-express",
            "inline_policy": [],
            "managed_policy_arns": [
              "arn:aws:iam::533267251263:policy/todo_iam_policy-nodejs-express"
            ],
            "max_session_duration": 3600,
            "name": "todo_lambda_iam_role-nodejs-express",
            "name_prefix": "",
            "path": "/",
            "permissions_boundary": "",
            "tags": {
              "rg": "tf-todo-nodejs-express"
            },
            "tags_all": {
              "rg": "tf-todo-nodejs-express"
            },
            "unique_id": "AROAXYKJUQA77F47RJIXE"
          },
          "sensitive_attributes": [],
          "private": "bnVsbA=="
        }
      ]
    },
    {
      "mode": "managed",
      "type": "aws_iam_role_policy_attachment",
      "name": "iam_role_policy_attachment",
      "provider": "provider[\"registry.terraform.io/hashicorp/aws\"]",
      "instances": [
        {
          "schema_version": 0,
          "attributes": {
            "id": "todo_lambda_iam_role-nodejs-express-20240501072808423600000001",
            "policy_arn": "arn:aws:iam::533267251263:policy/todo_iam_policy-nodejs-express",
            "role": "todo_lambda_iam_role-nodejs-express"
          },
          "sensitive_attributes": [],
          "private": "bnVsbA==",
          "dependencies": [
            "aws_iam_policy.iam_policy",
            "aws_iam_role.iam_role",
            "aws_secretsmanager_secret.secret"
          ]
        }
      ]
    },
    {
      "mode": "managed",
      "type": "aws_lambda_function",
      "name": "lambda",
      "provider": "provider[\"registry.terraform.io/hashicorp/aws\"]",
      "instances": [
        {
          "schema_version": 0,
          "attributes": {
            "architectures": [
              "x86_64"
            ],
            "arn": "arn:aws:lambda:eu-central-1:533267251263:function:todo_lambda_function-nodejs-express",
            "code_signing_config_arn": "",
            "dead_letter_config": [],
            "description": "",
            "environment": [
              {
                "variables": {
                  "AWS_SECRET_NAME": "settings",
                  "NODE_ENV": "dev"
                }
              }
            ],
            "ephemeral_storage": [
              {
                "size": 512
              }
            ],
            "file_system_config": [],
            "filename": "./../dist/function.zip",
            "function_name": "todo_lambda_function-nodejs-express",
            "handler": "index.handler",
            "id": "todo_lambda_function-nodejs-express",
            "image_config": [],
            "image_uri": "",
            "invoke_arn": "arn:aws:apigateway:eu-central-1:lambda:path/2015-03-31/functions/arn:aws:lambda:eu-central-1:533267251263:function:todo_lambda_function-nodejs-express/invocations",
            "kms_key_arn": "",
            "last_modified": "2024-05-14T09:16:54.000+0000",
            "layers": [
              "arn:aws:lambda:eu-central-1:533267251263:layer:shared_deps:7"
            ],
            "logging_config": [
              {
                "application_log_level": "",
                "log_format": "Text",
                "log_group": "/aws/lambda/todo_lambda_function-nodejs-express",
                "system_log_level": ""
              }
            ],
            "memory_size": 128,
            "package_type": "Zip",
            "publish": false,
            "qualified_arn": "arn:aws:lambda:eu-central-1:533267251263:function:todo_lambda_function-nodejs-express:$LATEST",
            "qualified_invoke_arn": "arn:aws:apigateway:eu-central-1:lambda:path/2015-03-31/functions/arn:aws:lambda:eu-central-1:533267251263:function:todo_lambda_function-nodejs-express:$LATEST/invocations",
            "replace_security_groups_on_destroy": null,
            "replacement_security_group_ids": null,
            "reserved_concurrent_executions": -1,
            "role": "arn:aws:iam::533267251263:role/todo_lambda_iam_role-nodejs-express",
            "runtime": "nodejs20.x",
            "s3_bucket": null,
            "s3_key": null,
            "s3_object_version": null,
            "signing_job_arn": "",
            "signing_profile_version_arn": "",
            "skip_destroy": false,
            "snap_start": [],
            "source_code_hash": "sdTL1jtAqA+Go9PdIPD1+HOypV0adiJnFH1O/cE08qI=",
            "source_code_size": 76068,
            "tags": {
              "rg": "tf-todo-nodejs-express"
            },
            "tags_all": {
              "rg": "tf-todo-nodejs-express"
            },
            "timeout": 30,
            "timeouts": null,
            "tracing_config": [
              {
                "mode": "PassThrough"
              }
            ],
            "version": "$LATEST",
            "vpc_config": []
          },
          "sensitive_attributes": [],
          "private": "eyJlMmJmYjczMC1lY2FhLTExZTYtOGY4OC0zNDM2M2JjN2M0YzAiOnsiY3JlYXRlIjo2MDAwMDAwMDAwMDAsImRlbGV0ZSI6NjAwMDAwMDAwMDAwLCJ1cGRhdGUiOjYwMDAwMDAwMDAwMH19",
          "dependencies": [
            "aws_iam_role.iam_role",
            "aws_lambda_layer_version.lambda_deps_layer",
            "data.archive_file.deps_layer_code_zip",
            "data.archive_file.src_zip"
          ]
        }
      ]
    },
    {
      "mode": "managed",
      "type": "aws_lambda_function_url",
      "name": "url",
      "provider": "provider[\"registry.terraform.io/hashicorp/aws\"]",
      "instances": [
        {
          "schema_version": 0,
          "attributes": {
            "authorization_type": "NONE",
            "cors": [],
            "function_arn": "arn:aws:lambda:eu-central-1:533267251263:function:todo_lambda_function-nodejs-express",
            "function_name": "todo_lambda_function-nodejs-express",
            "function_url": "https://jpbri2rkrajww4htzp6fs34ddm0zmogt.lambda-url.eu-central-1.on.aws/",
            "id": "todo_lambda_function-nodejs-express",
            "invoke_mode": "BUFFERED",
            "qualifier": "",
            "timeouts": null,
            "url_id": "jpbri2rkrajww4htzp6fs34ddm0zmogt"
          },
          "sensitive_attributes": [],
          "private": "eyJlMmJmYjczMC1lY2FhLTExZTYtOGY4OC0zNDM2M2JjN2M0YzAiOnsiY3JlYXRlIjo2MDAwMDAwMDAwMDB9fQ==",
          "dependencies": [
            "aws_iam_role.iam_role",
            "aws_lambda_function.lambda",
            "aws_lambda_layer_version.lambda_deps_layer",
            "data.archive_file.deps_layer_code_zip",
            "data.archive_file.src_zip"
          ]
        }
      ]
    },
    {
      "mode": "managed",
      "type": "aws_lambda_layer_version",
      "name": "lambda_deps_layer",
      "provider": "provider[\"registry.terraform.io/hashicorp/aws\"]",
      "instances": [
        {
          "schema_version": 0,
          "attributes": {
            "arn": "arn:aws:lambda:eu-central-1:533267251263:layer:shared_deps:7",
            "compatible_architectures": [],
            "compatible_runtimes": [
              "nodejs20.x"
            ],
            "created_date": "2024-05-14T07:54:54.631+0000",
            "description": "",
            "filename": "./../dist/deps.zip",
            "id": "arn:aws:lambda:eu-central-1:533267251263:layer:shared_deps:7",
            "layer_arn": "arn:aws:lambda:eu-central-1:533267251263:layer:shared_deps",
            "layer_name": "shared_deps",
            "license_info": "",
            "s3_bucket": null,
            "s3_key": null,
            "s3_object_version": null,
            "signing_job_arn": "",
            "signing_profile_version_arn": "",
            "skip_destroy": false,
            "source_code_hash": "sPx6G21b1x4XuJCUGxiRgDKKUcfyMTN5r0fW2mlO9qs=",
            "source_code_size": 13775889,
            "version": "7"
          },
          "sensitive_attributes": [],
          "private": "bnVsbA==",
          "dependencies": [
            "data.archive_file.deps_layer_code_zip"
          ]
        }
      ]
    },
    {
      "mode": "managed",
      "type": "aws_resourcegroups_group",
      "name": "tf-todo",
      "provider": "provider[\"registry.terraform.io/hashicorp/aws\"]",
      "instances": [
        {
          "schema_version": 0,
          "attributes": {
            "arn": "arn:aws:resource-groups:eu-central-1:533267251263:group/tf-todo-nodejs-express",
            "configuration": [],
            "description": "",
            "id": "tf-todo-nodejs-express",
            "name": "tf-todo-nodejs-express",
            "resource_query": [
              {
                "query": "{\n  \"ResourceTypeFilters\": [\n    \"AWS::AllSupported\"\n  ],\n  \"TagFilters\": [\n    {\n      \"Key\": \"rg\",\n      \"Values\": [\"tf-todo-nodejs-express\"]\n    }\n  ]\n}\n",
                "type": "TAG_FILTERS_1_0"
              }
            ],
            "tags": {},
            "tags_all": {},
            "timeouts": null
          },
          "sensitive_attributes": [],
          "private": "eyJlMmJmYjczMC1lY2FhLTExZTYtOGY4OC0zNDM2M2JjN2M0YzAiOnsiY3JlYXRlIjo5MDAwMDAwMDAwMDAsInVwZGF0ZSI6OTAwMDAwMDAwMDAwfX0="
        }
      ]
    },
    {
      "mode": "managed",
      "type": "aws_secretsmanager_secret",
      "name": "secret",
      "provider": "provider[\"registry.terraform.io/hashicorp/aws\"]",
      "instances": [
        {
          "schema_version": 0,
          "attributes": {
            "arn": "arn:aws:secretsmanager:eu-central-1:533267251263:secret:settings-DxYm8W",
            "description": "",
            "force_overwrite_replica_secret": false,
            "id": "arn:aws:secretsmanager:eu-central-1:533267251263:secret:settings-DxYm8W",
            "kms_key_id": "",
            "name": "settings",
            "name_prefix": "",
            "policy": "",
            "recovery_window_in_days": 30,
            "replica": [],
            "tags": {},
            "tags_all": {}
          },
          "sensitive_attributes": [],
          "private": "bnVsbA=="
        }
      ]
    },
    {
      "mode": "managed",
      "type": "aws_secretsmanager_secret_version",
      "name": "secret_version",
      "provider": "provider[\"registry.terraform.io/hashicorp/aws\"]",
      "instances": [
        {
          "schema_version": 0,
          "attributes": {
            "arn": "arn:aws:secretsmanager:eu-central-1:533267251263:secret:settings-DxYm8W",
            "id": "arn:aws:secretsmanager:eu-central-1:533267251263:secret:settings-DxYm8W|terraform-20240511065740615400000002",
            "secret_binary": "",
            "secret_id": "arn:aws:secretsmanager:eu-central-1:533267251263:secret:settings-DxYm8W",
            "secret_string": "{\"dbConnectionString\":\"\",\"jwtSecret\":\"\",\"superAdminPassword\":\"\",\"superAdminUsername\":\"\"}",
            "version_id": "terraform-20240511065740615400000002",
            "version_stages": []
          },
          "sensitive_attributes": [],
          "private": "bnVsbA==",
          "dependencies": [
            "aws_secretsmanager_secret.secret"
          ]
        }
      ]
    }
  ],
  "check_results": null
}
