{
  "version": 4,
  "terraform_version": "1.5.1",
  "serial": 6,
  "lineage": "5f85c268-686b-7cb7-d348-d878c7d7ed8c",
  "outputs": {},
  "resources": [
    {
      "mode": "managed",
      "type": "aws_iam_policy",
      "name": "iam_policy",
      "provider": "provider[\"registry.terraform.io/hashicorp/aws\"]",
      "instances": [
        {
          "schema_version": 0,
          "attributes": {
            "arn": "arn:aws:iam::533267251263:policy/todo_iam_policy-nodejs-express",
            "attachment_count": 0,
            "description": "",
            "id": "arn:aws:iam::533267251263:policy/todo_iam_policy-nodejs-express",
            "name": "todo_iam_policy-nodejs-express",
            "name_prefix": "",
            "path": "/",
            "policy": "{\"Statement\":[{\"Action\":[\"logs:CreateLogGroup\",\"logs:CreateLogStream\",\"logs:PutLogEvents\"],\"Effect\":\"Allow\",\"Resource\":[\"arn:aws:logs:*:*:*\"]},{\"Action\":[\"ec2:CreateNetworkInterface\",\"ec2:DescribeNetworkInterfaces\",\"ec2:DeleteNetworkInterface\"],\"Effect\":\"Allow\",\"Resource\":[\"*\"]}],\"Version\":\"2012-10-17\"}",
            "policy_id": "ANPAXYKJUQA7S2YDQRSR2",
            "tags": {
              "rg": "tf-todo-nodejs-express"
            },
            "tags_all": {
              "rg": "tf-todo-nodejs-express"
            }
          },
          "sensitive_attributes": [],
          "private": "bnVsbA=="
        }
      ]
    },
    {
      "mode": "managed",
      "type": "aws_iam_role",
      "name": "iam_role",
      "provider": "provider[\"registry.terraform.io/hashicorp/aws\"]",
      "instances": [
        {
          "schema_version": 0,
          "attributes": {
            "arn": "arn:aws:iam::533267251263:role/todo_lambda_iam_role-nodejs-express",
            "assume_role_policy": "{\"Statement\":[{\"Action\":\"sts:AssumeRole\",\"Effect\":\"Allow\",\"Principal\":{\"Service\":\"lambda.amazonaws.com\"}}],\"Version\":\"2012-10-17\"}",
            "create_date": "2024-05-01T07:28:07Z",
            "description": "",
            "force_detach_policies": false,
            "id": "todo_lambda_iam_role-nodejs-express",
            "inline_policy": [],
            "managed_policy_arns": [],
            "max_session_duration": 3600,
            "name": "todo_lambda_iam_role-nodejs-express",
            "name_prefix": "",
            "path": "/",
            "permissions_boundary": "",
            "tags": {
              "rg": "tf-todo-nodejs-express"
            },
            "tags_all": {
              "rg": "tf-todo-nodejs-express"
            },
            "unique_id": "AROAXYKJUQA77F47RJIXE"
          },
          "sensitive_attributes": [],
          "private": "bnVsbA=="
        }
      ]
    },
    {
      "mode": "managed",
      "type": "aws_iam_role_policy_attachment",
      "name": "iam_role_policy_attachment",
      "provider": "provider[\"registry.terraform.io/hashicorp/aws\"]",
      "instances": [
        {
          "schema_version": 0,
          "attributes": {
            "id": "todo_lambda_iam_role-nodejs-express-20240501072808423600000001",
            "policy_arn": "arn:aws:iam::533267251263:policy/todo_iam_policy-nodejs-express",
            "role": "todo_lambda_iam_role-nodejs-express"
          },
          "sensitive_attributes": [],
          "private": "bnVsbA==",
          "dependencies": [
            "aws_iam_policy.iam_policy",
            "aws_iam_role.iam_role"
          ]
        }
      ]
    },
    {
      "mode": "managed",
      "type": "aws_lambda_function_url",
      "name": "url",
      "provider": "provider[\"registry.terraform.io/hashicorp/aws\"]",
      "instances": []
    },
    {
      "mode": "managed",
      "type": "aws_resourcegroups_group",
      "name": "tf-todo",
      "provider": "provider[\"registry.terraform.io/hashicorp/aws\"]",
      "instances": [
        {
          "schema_version": 0,
          "attributes": {
            "arn": "arn:aws:resource-groups:eu-central-1:533267251263:group/tf-todo-nodejs-express",
            "configuration": [],
            "description": "",
            "id": "tf-todo-nodejs-express",
            "name": "tf-todo-nodejs-express",
            "resource_query": [
              {
                "query": "{\n  \"ResourceTypeFilters\": [\n    \"AWS::AllSupported\"\n  ],\n  \"TagFilters\": [\n    {\n      \"Key\": \"rg\",\n      \"Values\": [\"tf-todo-nodejs-express\"]\n    }\n  ]\n}\n",
                "type": "TAG_FILTERS_1_0"
              }
            ],
            "tags": null,
            "tags_all": {},
            "timeouts": null
          },
          "sensitive_attributes": [],
          "private": "eyJlMmJmYjczMC1lY2FhLTExZTYtOGY4OC0zNDM2M2JjN2M0YzAiOnsiY3JlYXRlIjo5MDAwMDAwMDAwMDAsInVwZGF0ZSI6OTAwMDAwMDAwMDAwfX0="
        }
      ]
    }
  ],
  "check_results": null
}
